{
  "requires": true,
  "lockfileVersion": 1,
  "dependencies": {
    "@folkehelseinstituttet/react-components": {
      "version": "1.2.0",
      "resolved": "https://registry.npmjs.org/@folkehelseinstituttet/react-components/-/react-components-1.2.0.tgz",
      "integrity": "sha512-DpEyn5E8XHUf06VZjFgqln2Pxtnxk5cEhz+vfIBJiLcIqqcX5sh6bEjz9po0bxWnVs+ojN7sO97hU27mftHmrw=="
    }
  }
}
